
Microsoft Visual Studio Solution File, Format Version 12.00
# Visual Studio Version 16
VisualStudioVersion = 16.0.28803.202
MinimumVisualStudioVersion = 10.0.40219.1
Project("{FAE04EC0-301F-11D3-BF4B-00C04F79EFBC}") = "ToolTest", "ToolTest\ToolTest.csproj", "{B8166866-CD7F-4255-B1ED-2A480CA6F768}"
EndProject
Global
	GlobalSection(SolutionConfigurationPlatforms) = preSolution
		Debug|Any CPU = Debug|Any CPU
		Release|Any CPU = Release|Any CPU
	EndGlobalSection
	GlobalSection(ProjectConfigurationPlatforms) = postSolution
		{B8166866-CD7F-4255-B1ED-2A480CA6F768}.Debug|Any CPU.ActiveCfg = Debug|Any CPU
		{B8166866-CD7F-4255-B1ED-2A480CA6F768}.Debug|Any CPU.Build.0 = Debug|Any CPU
		{B8166866-CD7F-4255-B1ED-2A480CA6F768}.Release|Any CPU.ActiveCfg = Release|Any CPU
		{B8166866-CD7F-4255-B1ED-2A480CA6F768}.Release|Any CPU.Build.0 = Release|Any CPU
	EndGlobalSection
	GlobalSection(SolutionProperties) = preSolution
		HideSolutionNode = FALSE
	EndGlobalSection
	GlobalSection(ExtensibilityGlobals) = postSolution
		SolutionGuid = {CDF1002C-1810-4007-BD94-BB41FA2ACCB7}
	EndGlobalSection
EndGlobal
